// !$*UTF8*$!
{
	archiveVersion = 1;
	classes = {
	};
	objectVersion = 46;
	objects = {

/* Begin PBXBuildFile section */
		654ABA151800BFD90046667C /* EGGraphAppUI.cc in Sources */ = {isa = PBXBuildFile; fileRef = 654ABA131800BFD90046667C /* EGGraphAppUI.cc */; };
		65672AB519BB727D003676E5 /* graphstorm.icns in Resources */ = {isa = PBXBuildFile; fileRef = 65672AB419BB727D003676E5 /* graphstorm.icns */; };
		657B2CE017E420A000ADEFA9 /* liblibGraphStorm.a in Frameworks */ = {isa = PBXBuildFile; fileRef = 657B2CDF17E4207800ADEFA9 /* liblibGraphStorm.a */; };
		6599EA4D17797FD900B92AC0 /* cl.bundle in Resources */ = {isa = PBXBuildFile; fileRef = 65425B4615CA0D9D007E9BFA /* cl.bundle */; };
		6599EA4F17797FD900B92AC0 /* gles2.bundle in Resources */ = {isa = PBXBuildFile; fileRef = 6598C05C1762F9A5004B7382 /* gles2.bundle */; };
		6599EA5017797FD900B92AC0 /* metadata.bundle in Resources */ = {isa = PBXBuildFile; fileRef = 6598C0631762F9F4004B7382 /* metadata.bundle */; };
		6599EA5217797FD900B92AC0 /* EGGraphStormGLUT.cc in Sources */ = {isa = PBXBuildFile; fileRef = 6547E87415FD73900066E6AC /* EGGraphStormGLUT.cc */; };
		6599EA5617797FD900B92AC0 /* EGGraphApp.cc in Sources */ = {isa = PBXBuildFile; fileRef = 65AED4CF17765C2D00B90C92 /* EGGraphApp.cc */; };
		6599EA6017797FD900B92AC0 /* SystemConfiguration.framework in Frameworks */ = {isa = PBXBuildFile; fileRef = 65988139132CE2030095EF2C /* SystemConfiguration.framework */; };
		6599EA6117797FD900B92AC0 /* GLUT.framework in Frameworks */ = {isa = PBXBuildFile; fileRef = 654D02EF0F19E34E000BE1D2 /* GLUT.framework */; };
		6599EA6217797FD900B92AC0 /* OpenGL.framework in Frameworks */ = {isa = PBXBuildFile; fileRef = 654D02F00F19E34E000BE1D2 /* OpenGL.framework */; };
		6599EA6317797FD900B92AC0 /* CoreFoundation.framework in Frameworks */ = {isa = PBXBuildFile; fileRef = 654D03A60F1A0172000BE1D2 /* CoreFoundation.framework */; };
		6599EA6417797FD900B92AC0 /* Cocoa.framework in Frameworks */ = {isa = PBXBuildFile; fileRef = 65ECC2F10F3144FA005FF448 /* Cocoa.framework */; };
		6599EA6517797FD900B92AC0 /* OpenCL.framework in Frameworks */ = {isa = PBXBuildFile; fileRef = 65216D26175C0A3C00EB388F /* OpenCL.framework */; };
		6599EA6817797FD900B92AC0 /* libz.dylib in Frameworks */ = {isa = PBXBuildFile; fileRef = 6598813D132CE2190095EF2C /* libz.dylib */; };
		65A02E8617DC8098005C9E3D /* ui.bundle in Resources */ = {isa = PBXBuildFile; fileRef = 65A02E8517DC8098005C9E3D /* ui.bundle */; };
/* End PBXBuildFile section */

/* Begin PBXContainerItemProxy section */
		656276D11951AF210036D19D /* PBXContainerItemProxy */ = {
			isa = PBXContainerItemProxy;
			containerPortal = 657B2CDA17E4207800ADEFA9 /* libGraphStorm.xcodeproj */;
			proxyType = 2;
			remoteGlobalIDString = 6566876A1809743D00C5D7C2;
			remoteInfo = testobject;
		};
		657B2CDE17E4207800ADEFA9 /* PBXContainerItemProxy */ = {
			isa = PBXContainerItemProxy;
			containerPortal = 657B2CDA17E4207800ADEFA9 /* libGraphStorm.xcodeproj */;
			proxyType = 2;
			remoteGlobalIDString = 657B2C3E17E41F3400ADEFA9;
			remoteInfo = libGraphStorm;
		};
/* End PBXContainerItemProxy section */

/* Begin PBXCopyFilesBuildPhase section */
		6599EA6917797FD900B92AC0 /* CopyFiles */ = {
			isa = PBXCopyFilesBuildPhase;
			buildActionMask = 2147483647;
			dstPath = AppFonts;
			dstSubfolderSpec = 7;
			files = (
			);
			runOnlyForDeploymentPostprocessing = 0;
		};
/* End PBXCopyFilesBuildPhase section */

/* Begin PBXFileReference section */
		65184FD41162CFCD00616E4F /* OpenGL.framework */ = {isa = PBXFileReference; lastKnownFileType = wrapper.framework; name = OpenGL.framework; path = /System/Library/Frameworks/OpenGL.framework; sourceTree = "<absolute>"; };
		65184FD51162CFCD00616E4F /* AGL.framework */ = {isa = PBXFileReference; lastKnownFileType = wrapper.framework; name = AGL.framework; path = /System/Library/Frameworks/AGL.framework; sourceTree = "<absolute>"; };
		65216D26175C0A3C00EB388F /* OpenCL.framework */ = {isa = PBXFileReference; lastKnownFileType = wrapper.framework; name = OpenCL.framework; path = System/Library/Frameworks/OpenCL.framework; sourceTree = SDKROOT; };
		65425B4615CA0D9D007E9BFA /* cl.bundle */ = {isa = PBXFileReference; lastKnownFileType = "wrapper.plug-in"; name = cl.bundle; path = ../Resources/cl.bundle; sourceTree = "<group>"; };
		6547E87415FD73900066E6AC /* EGGraphStormGLUT.cc */ = {isa = PBXFileReference; fileEncoding = 4; lastKnownFileType = sourcecode.cpp.cpp; name = EGGraphStormGLUT.cc; path = ../src/EGGraphStormGLUT.cc; sourceTree = "<group>"; };
		6547E87515FD73900066E6AC /* EGGraphStormGLUT.h */ = {isa = PBXFileReference; fileEncoding = 4; lastKnownFileType = sourcecode.c.h; name = EGGraphStormGLUT.h; path = ../src/EGGraphStormGLUT.h; sourceTree = "<group>"; };
		654ABA131800BFD90046667C /* EGGraphAppUI.cc */ = {isa = PBXFileReference; fileEncoding = 4; lastKnownFileType = sourcecode.cpp.cpp; name = EGGraphAppUI.cc; path = ../src/EGGraphAppUI.cc; sourceTree = "<group>"; };
		654ABA141800BFD90046667C /* EGGraphAppUI.h */ = {isa = PBXFileReference; fileEncoding = 4; lastKnownFileType = sourcecode.c.h; name = EGGraphAppUI.h; path = ../src/EGGraphAppUI.h; sourceTree = "<group>"; };
		654D02EF0F19E34E000BE1D2 /* GLUT.framework */ = {isa = PBXFileReference; lastKnownFileType = wrapper.framework; name = GLUT.framework; path = /System/Library/Frameworks/GLUT.framework; sourceTree = "<absolute>"; };
		654D02F00F19E34E000BE1D2 /* OpenGL.framework */ = {isa = PBXFileReference; lastKnownFileType = wrapper.framework; name = OpenGL.framework; path = /System/Library/Frameworks/OpenGL.framework; sourceTree = "<absolute>"; };
		654D03A60F1A0172000BE1D2 /* CoreFoundation.framework */ = {isa = PBXFileReference; lastKnownFileType = wrapper.framework; name = CoreFoundation.framework; path = /System/Library/Frameworks/CoreFoundation.framework; sourceTree = "<absolute>"; };
		65672AB119BB7157003676E5 /* GraphStormGLUT-Info.plist */ = {isa = PBXFileReference; lastKnownFileType = text.plist.xml; path = "GraphStormGLUT-Info.plist"; sourceTree = "<group>"; };
		65672AB419BB727D003676E5 /* graphstorm.icns */ = {isa = PBXFileReference; lastKnownFileType = image.icns; path = graphstorm.icns; sourceTree = "<group>"; };
		6575D739196D4B9A005459CF /* GraphStormGLUT.entitlements */ = {isa = PBXFileReference; lastKnownFileType = text.xml; path = GraphStormGLUT.entitlements; sourceTree = "<group>"; };
		657B2CDA17E4207800ADEFA9 /* libGraphStorm.xcodeproj */ = {isa = PBXFileReference; lastKnownFileType = "wrapper.pb-project"; path = libGraphStorm.xcodeproj; sourceTree = "<group>"; };
		65988139132CE2030095EF2C /* SystemConfiguration.framework */ = {isa = PBXFileReference; lastKnownFileType = wrapper.framework; name = SystemConfiguration.framework; path = /System/Library/Frameworks/SystemConfiguration.framework; sourceTree = "<absolute>"; };
		6598813D132CE2190095EF2C /* libz.dylib */ = {isa = PBXFileReference; lastKnownFileType = "compiled.mach-o.dylib"; name = libz.dylib; path = /usr/lib/libz.dylib; sourceTree = "<absolute>"; };
		6598C05C1762F9A5004B7382 /* gles2.bundle */ = {isa = PBXFileReference; lastKnownFileType = "wrapper.plug-in"; name = gles2.bundle; path = ../Resources/gles2.bundle; sourceTree = "<group>"; };
		6598C0631762F9F4004B7382 /* metadata.bundle */ = {isa = PBXFileReference; lastKnownFileType = "wrapper.plug-in"; name = metadata.bundle; path = ../Resources/metadata.bundle; sourceTree = "<group>"; };
		6599EA6D17797FD900B92AC0 /* GraphStormGLUT.app */ = {isa = PBXFileReference; explicitFileType = wrapper.application; includeInIndex = 0; path = GraphStormGLUT.app; sourceTree = BUILT_PRODUCTS_DIR; };
		65A02E8517DC8098005C9E3D /* ui.bundle */ = {isa = PBXFileReference; lastKnownFileType = "wrapper.plug-in"; name = ui.bundle; path = ../Resources/ui.bundle; sourceTree = "<group>"; };
		65A02E8B17DD58E0005C9E3D /* EGGraphStormNACL.cc */ = {isa = PBXFileReference; lastKnownFileType = sourcecode.cpp.cpp; name = EGGraphStormNACL.cc; path = ../src/EGGraphStormNACL.cc; sourceTree = "<group>"; };
		65A02E8C17DD58E0005C9E3D /* EGGraphStormNACL.h */ = {isa = PBXFileReference; lastKnownFileType = sourcecode.c.h; name = EGGraphStormNACL.h; path = ../src/EGGraphStormNACL.h; sourceTree = "<group>"; };
		65AED4CD17765C2D00B90C92 /* EGGraphApp.h */ = {isa = PBXFileReference; fileEncoding = 4; lastKnownFileType = sourcecode.c.h; name = EGGraphApp.h; path = ../src/EGGraphApp.h; sourceTree = "<group>"; };
		65AED4CF17765C2D00B90C92 /* EGGraphApp.cc */ = {isa = PBXFileReference; fileEncoding = 4; lastKnownFileType = sourcecode.cpp.cpp; name = EGGraphApp.cc; path = ../src/EGGraphApp.cc; sourceTree = "<group>"; };
		65ECC2F10F3144FA005FF448 /* Cocoa.framework */ = {isa = PBXFileReference; lastKnownFileType = wrapper.framework; name = Cocoa.framework; path = /System/Library/Frameworks/Cocoa.framework; sourceTree = "<absolute>"; };
/* End PBXFileReference section */

/* Begin PBXFrameworksBuildPhase section */
		6599EA5917797FD900B92AC0 /* Frameworks */ = {
			isa = PBXFrameworksBuildPhase;
			buildActionMask = 2147483647;
			files = (
				657B2CE017E420A000ADEFA9 /* liblibGraphStorm.a in Frameworks */,
				6599EA6017797FD900B92AC0 /* SystemConfiguration.framework in Frameworks */,
				6599EA6117797FD900B92AC0 /* GLUT.framework in Frameworks */,
				6599EA6217797FD900B92AC0 /* OpenGL.framework in Frameworks */,
				6599EA6317797FD900B92AC0 /* CoreFoundation.framework in Frameworks */,
				6599EA6417797FD900B92AC0 /* Cocoa.framework in Frameworks */,
				6599EA6517797FD900B92AC0 /* OpenCL.framework in Frameworks */,
				6599EA6817797FD900B92AC0 /* libz.dylib in Frameworks */,
			);
			runOnlyForDeploymentPostprocessing = 0;
		};
/* End PBXFrameworksBuildPhase section */

/* Begin PBXGroup section */
		195DF8CFFE9D517E11CA2CBB /* Products */ = {
			isa = PBXGroup;
			children = (
				6599EA6D17797FD900B92AC0 /* GraphStormGLUT.app */,
			);
			name = Products;
			sourceTree = "<group>";
		};
		20286C29FDCF999611CA2CEA /* lwobjview */ = {
			isa = PBXGroup;
			children = (
				6575D739196D4B9A005459CF /* GraphStormGLUT.entitlements */,
				657B2CDA17E4207800ADEFA9 /* libGraphStorm.xcodeproj */,
				652A546415DC50A600AF9D18 /* Sources */,
				20286C2CFDCF999611CA2CEA /* Resources */,
				20286C32FDCF999611CA2CEA /* External Frameworks and Libraries */,
				195DF8CFFE9D517E11CA2CBB /* Products */,
			);
			name = lwobjview;
			sourceTree = "<group>";
		};
		20286C2CFDCF999611CA2CEA /* Resources */ = {
			isa = PBXGroup;
			children = (
				65672AB419BB727D003676E5 /* graphstorm.icns */,
				65672AB119BB7157003676E5 /* GraphStormGLUT-Info.plist */,
				65A02E8517DC8098005C9E3D /* ui.bundle */,
				6598C0631762F9F4004B7382 /* metadata.bundle */,
				6598C05C1762F9A5004B7382 /* gles2.bundle */,
				65425B4615CA0D9D007E9BFA /* cl.bundle */,
			);
			name = Resources;
			sourceTree = "<group>";
		};
		20286C32FDCF999611CA2CEA /* External Frameworks and Libraries */ = {
			isa = PBXGroup;
			children = (
				6598813D132CE2190095EF2C /* libz.dylib */,
				65216D26175C0A3C00EB388F /* OpenCL.framework */,
				65184FD41162CFCD00616E4F /* OpenGL.framework */,
				65184FD51162CFCD00616E4F /* AGL.framework */,
				65ECC2F10F3144FA005FF448 /* Cocoa.framework */,
				654D03A60F1A0172000BE1D2 /* CoreFoundation.framework */,
				65988139132CE2030095EF2C /* SystemConfiguration.framework */,
				654D02EF0F19E34E000BE1D2 /* GLUT.framework */,
				654D02F00F19E34E000BE1D2 /* OpenGL.framework */,
			);
			name = "External Frameworks and Libraries";
			sourceTree = "<group>";
		};
		652A546415DC50A600AF9D18 /* Sources */ = {
			isa = PBXGroup;
			children = (
				65A06E311791ECC700DEF3D5 /* app */,
			);
			name = Sources;
			sourceTree = "<group>";
		};
		657B2CDB17E4207800ADEFA9 /* Products */ = {
			isa = PBXGroup;
			children = (
				657B2CDF17E4207800ADEFA9 /* liblibGraphStorm.a */,
				656276D21951AF210036D19D /* testobject */,
			);
			name = Products;
			sourceTree = "<group>";
		};
		65A06E311791ECC700DEF3D5 /* app */ = {
			isa = PBXGroup;
			children = (
				65AED4CF17765C2D00B90C92 /* EGGraphApp.cc */,
				65AED4CD17765C2D00B90C92 /* EGGraphApp.h */,
				654ABA131800BFD90046667C /* EGGraphAppUI.cc */,
				654ABA141800BFD90046667C /* EGGraphAppUI.h */,
				6547E87415FD73900066E6AC /* EGGraphStormGLUT.cc */,
				6547E87515FD73900066E6AC /* EGGraphStormGLUT.h */,
				65A02E8B17DD58E0005C9E3D /* EGGraphStormNACL.cc */,
				65A02E8C17DD58E0005C9E3D /* EGGraphStormNACL.h */,
			);
			name = app;
			sourceTree = "<group>";
		};
/* End PBXGroup section */

/* Begin PBXNativeTarget section */
		6599EA3F17797FD900B92AC0 /* GraphStormGLUT */ = {
			isa = PBXNativeTarget;
			buildConfigurationList = 6599EA6A17797FD900B92AC0 /* Build configuration list for PBXNativeTarget "GraphStormGLUT" */;
			buildPhases = (
				6599EA4C17797FD900B92AC0 /* Resources */,
				6599EA5117797FD900B92AC0 /* Sources */,
				6599EA5917797FD900B92AC0 /* Frameworks */,
				6599EA6917797FD900B92AC0 /* CopyFiles */,
			);
			buildRules = (
			);
			dependencies = (
			);
			name = GraphStormGLUT;
			productInstallPath = "$(HOME)/Applications";
			productName = lwobjview;
			productReference = 6599EA6D17797FD900B92AC0 /* GraphStormGLUT.app */;
			productType = "com.apple.product-type.application";
		};
/* End PBXNativeTarget section */

/* Begin PBXProject section */
		20286C28FDCF999611CA2CEA /* Project object */ = {
			isa = PBXProject;
			attributes = {
				LastUpgradeCheck = 0600;
				TargetAttributes = {
					6599EA3F17797FD900B92AC0 = {
						SystemCapabilities = {
							com.apple.Sandbox = {
								enabled = 1;
							};
						};
					};
				};
			};
			buildConfigurationList = C0E91AC908A95435008D54AB /* Build configuration list for PBXProject "GraphStormGLUT" */;
			compatibilityVersion = "Xcode 3.2";
			developmentRegion = English;
			hasScannedForEncodings = 1;
			knownRegions = (
				English,
				Japanese,
				French,
				German,
			);
			mainGroup = 20286C29FDCF999611CA2CEA /* lwobjview */;
			projectDirPath = "";
			projectReferences = (
				{
					ProductGroup = 657B2CDB17E4207800ADEFA9 /* Products */;
					ProjectRef = 657B2CDA17E4207800ADEFA9 /* libGraphStorm.xcodeproj */;
				},
			);
			projectRoot = "";
			targets = (
				6599EA3F17797FD900B92AC0 /* GraphStormGLUT */,
			);
		};
/* End PBXProject section */

/* Begin PBXReferenceProxy section */
		656276D21951AF210036D19D /* testobject */ = {
			isa = PBXReferenceProxy;
			fileType = "compiled.mach-o.executable";
			path = testobject;
			remoteRef = 656276D11951AF210036D19D /* PBXContainerItemProxy */;
			sourceTree = BUILT_PRODUCTS_DIR;
		};
		657B2CDF17E4207800ADEFA9 /* liblibGraphStorm.a */ = {
			isa = PBXReferenceProxy;
			fileType = archive.ar;
			path = liblibGraphStorm.a;
			remoteRef = 657B2CDE17E4207800ADEFA9 /* PBXContainerItemProxy */;
			sourceTree = BUILT_PRODUCTS_DIR;
		};
/* End PBXReferenceProxy section */

/* Begin PBXResourcesBuildPhase section */
		6599EA4C17797FD900B92AC0 /* Resources */ = {
			isa = PBXResourcesBuildPhase;
			buildActionMask = 2147483647;
			files = (
				6599EA4D17797FD900B92AC0 /* cl.bundle in Resources */,
				65672AB519BB727D003676E5 /* graphstorm.icns in Resources */,
				6599EA4F17797FD900B92AC0 /* gles2.bundle in Resources */,
				6599EA5017797FD900B92AC0 /* metadata.bundle in Resources */,
				65A02E8617DC8098005C9E3D /* ui.bundle in Resources */,
			);
			runOnlyForDeploymentPostprocessing = 0;
		};
/* End PBXResourcesBuildPhase section */

/* Begin PBXSourcesBuildPhase section */
		6599EA5117797FD900B92AC0 /* Sources */ = {
			isa = PBXSourcesBuildPhase;
			buildActionMask = 2147483647;
			files = (
				6599EA5217797FD900B92AC0 /* EGGraphStormGLUT.cc in Sources */,
				6599EA5617797FD900B92AC0 /* EGGraphApp.cc in Sources */,
				654ABA151800BFD90046667C /* EGGraphAppUI.cc in Sources */,
			);
			runOnlyForDeploymentPostprocessing = 0;
		};
/* End PBXSourcesBuildPhase section */

/* Begin XCBuildConfiguration section */
		6599EA6B17797FD900B92AC0 /* Debug */ = {
			isa = XCBuildConfiguration;
			buildSettings = {
				ASSETCATALOG_COMPILER_APPICON_NAME = AppIcon;
				CODE_SIGN_ENTITLEMENTS = GraphStormGLUT.entitlements;
				CODE_SIGN_IDENTITY = "-";
				COMBINE_HIDPI_IMAGES = YES;
				GCC_INLINES_ARE_PRIVATE_EXTERN = NO;
				GCC_SYMBOLS_PRIVATE_EXTERN = NO;
				INFOPLIST_FILE = "GraphStormGLUT-Info.plist";
				INSTALL_PATH = "$(HOME)/Applications";
				PRODUCT_NAME = GraphStormGLUT;
				SEPARATE_SYMBOL_EDIT = NO;
				USER_HEADER_SEARCH_PATHS = "";
			};
			name = Debug;
		};
		6599EA6C17797FD900B92AC0 /* Release */ = {
			isa = XCBuildConfiguration;
			buildSettings = {
				ASSETCATALOG_COMPILER_APPICON_NAME = AppIcon;
				CODE_SIGN_ENTITLEMENTS = GraphStormGLUT.entitlements;
				CODE_SIGN_IDENTITY = "-";
				COMBINE_HIDPI_IMAGES = YES;
				GCC_INLINES_ARE_PRIVATE_EXTERN = NO;
				GCC_SYMBOLS_PRIVATE_EXTERN = NO;
				INFOPLIST_FILE = "GraphStormGLUT-Info.plist";
				INSTALL_PATH = "$(HOME)/Applications";
				PRODUCT_NAME = GraphStormGLUT;
				SEPARATE_SYMBOL_EDIT = NO;
				USER_HEADER_SEARCH_PATHS = "";
			};
			name = Release;
		};
		C0E91ACA08A95435008D54AB /* Debug */ = {
			isa = XCBuildConfiguration;
			buildSettings = {
				CLANG_CXX_LANGUAGE_STANDARD = "c++0x";
				CLANG_CXX_LIBRARY = "libc++";
				CLANG_WARN_BOOL_CONVERSION = YES;
				CLANG_WARN_CONSTANT_CONVERSION = YES;
				CLANG_WARN_EMPTY_BODY = YES;
				CLANG_WARN_ENUM_CONVERSION = YES;
				CLANG_WARN_INT_CONVERSION = YES;
				CLANG_WARN__DUPLICATE_METHOD_MATCH = YES;
				COPY_PHASE_STRIP = NO;
				GCC_C_LANGUAGE_STANDARD = c99;
				GCC_OPTIMIZATION_LEVEL = 0;
				GCC_WARN_64_TO_32_BIT_CONVERSION = YES;
				GCC_WARN_ABOUT_RETURN_TYPE = YES;
				GCC_WARN_UNDECLARED_SELECTOR = YES;
				GCC_WARN_UNINITIALIZED_AUTOS = YES;
				GCC_WARN_UNUSED_FUNCTION = YES;
				GCC_WARN_UNUSED_VARIABLE = YES;
				ONLY_ACTIVE_ARCH = YES;
				OTHER_CFLAGS = "-DSQLITE_HAS_CODEC";
				OTHER_CPLUSPLUSFLAGS = "$(OTHER_CFLAGS)";
				STRIP_INSTALLED_PRODUCT = NO;
				USER_HEADER_SEARCH_PATHS = "";
			};
			name = Debug;
		};
		C0E91ACB08A95435008D54AB /* Release */ = {
			isa = XCBuildConfiguration;
			buildSettings = {
				CLANG_CXX_LANGUAGE_STANDARD = "c++0x";
				CLANG_CXX_LIBRARY = "libc++";
				CLANG_WARN_BOOL_CONVERSION = YES;
				CLANG_WARN_CONSTANT_CONVERSION = YES;
				CLANG_WARN_EMPTY_BODY = YES;
				CLANG_WARN_ENUM_CONVERSION = YES;
				CLANG_WARN_INT_CONVERSION = YES;
				CLANG_WARN__DUPLICATE_METHOD_MATCH = YES;
				COPY_PHASE_STRIP = NO;
				GCC_C_LANGUAGE_STANDARD = c99;
				GCC_OPTIMIZATION_LEVEL = s;
				GCC_WARN_64_TO_32_BIT_CONVERSION = YES;
				GCC_WARN_ABOUT_RETURN_TYPE = YES;
				GCC_WARN_UNDECLARED_SELECTOR = YES;
				GCC_WARN_UNINITIALIZED_AUTOS = YES;
				GCC_WARN_UNUSED_FUNCTION = YES;
				GCC_WARN_UNUSED_VARIABLE = YES;
				OTHER_CFLAGS = "-DSQLITE_HAS_CODEC";
				OTHER_CPLUSPLUSFLAGS = "$(OTHER_CFLAGS)";
				STRIP_INSTALLED_PRODUCT = NO;
				USER_HEADER_SEARCH_PATHS = "";
			};
			name = Release;
		};
/* End XCBuildConfiguration section */

/* Begin XCConfigurationList section */
		6599EA6A17797FD900B92AC0 /* Build configuration list for PBXNativeTarget "GraphStormGLUT" */ = {
			isa = XCConfigurationList;
			buildConfigurations = (
				6599EA6B17797FD900B92AC0 /* Debug */,
				6599EA6C17797FD900B92AC0 /* Release */,
			);
			defaultConfigurationIsVisible = 0;
			defaultConfigurationName = Release;
		};
		C0E91AC908A95435008D54AB /* Build configuration list for PBXProject "GraphStormGLUT" */ = {
			isa = XCConfigurationList;
			buildConfigurations = (
				C0E91ACA08A95435008D54AB /* Debug */,
				C0E91ACB08A95435008D54AB /* Release */,
			);
			defaultConfigurationIsVisible = 0;
			defaultConfigurationName = Release;
		};
/* End XCConfigurationList section */
	};
	rootObject = 20286C28FDCF999611CA2CEA /* Project object */;
}
